
Microsoft Visual Studio Solution File, Format Version 12.00
# Visual Studio 15
VisualStudioVersion = 15.0.27130.2036
MinimumVisualStudioVersion = 10.0.40219.1
Project("{FAE04EC0-301F-11D3-BF4B-00C04F79EFBC}") = "DataGen", "DataGen\DataGen.csproj", "{D5E47CE0-AAA7-4274-AF07-9B144442DE41}"
EndProject
Project("{FAE04EC0-301F-11D3-BF4B-00C04F79EFBC}") = "DataGenTest", "DataGenTest\DataGenTest.csproj", "{973ECB12-1466-4348-B070-95A512BBD736}"
EndProject
Project("{FAE04EC0-301F-11D3-BF4B-00C04F79EFBC}") = "DataGenSamp", "DataGenSamp\DataGenSamp.csproj", "{048018FD-4516-4016-9557-ECF6458BEA1C}"
EndProject
Global
	GlobalSection(SolutionConfigurationPlatforms) = preSolution
		Debug|Any CPU = Debug|Any CPU
		Release|Any CPU = Release|Any CPU
	EndGlobalSection
	GlobalSection(ProjectConfigurationPlatforms) = postSolution
		{D5E47CE0-AAA7-4274-AF07-9B144442DE41}.Debug|Any CPU.ActiveCfg = Debug|Any CPU
		{D5E47CE0-AAA7-4274-AF07-9B144442DE41}.Debug|Any CPU.Build.0 = Debug|Any CPU
		{D5E47CE0-AAA7-4274-AF07-9B144442DE41}.Release|Any CPU.ActiveCfg = Release|Any CPU
		{D5E47CE0-AAA7-4274-AF07-9B144442DE41}.Release|Any CPU.Build.0 = Release|Any CPU
		{973ECB12-1466-4348-B070-95A512BBD736}.Debug|Any CPU.ActiveCfg = Debug|Any CPU
		{973ECB12-1466-4348-B070-95A512BBD736}.Debug|Any CPU.Build.0 = Debug|Any CPU
		{973ECB12-1466-4348-B070-95A512BBD736}.Release|Any CPU.ActiveCfg = Release|Any CPU
		{973ECB12-1466-4348-B070-95A512BBD736}.Release|Any CPU.Build.0 = Release|Any CPU
		{048018FD-4516-4016-9557-ECF6458BEA1C}.Debug|Any CPU.ActiveCfg = Debug|Any CPU
		{048018FD-4516-4016-9557-ECF6458BEA1C}.Debug|Any CPU.Build.0 = Debug|Any CPU
		{048018FD-4516-4016-9557-ECF6458BEA1C}.Release|Any CPU.ActiveCfg = Release|Any CPU
		{048018FD-4516-4016-9557-ECF6458BEA1C}.Release|Any CPU.Build.0 = Release|Any CPU
	EndGlobalSection
	GlobalSection(SolutionProperties) = preSolution
		HideSolutionNode = FALSE
	EndGlobalSection
	GlobalSection(ExtensibilityGlobals) = postSolution
		SolutionGuid = {A4703993-6E9C-4B28-9034-75436FCBDB70}
	EndGlobalSection
	GlobalSection(TeamFoundationVersionControl) = preSolution
		SccNumberOfProjects = 4
		SccEnterpriseProvider = {4CA58AB2-18FA-4F8D-95D4-32DDF27D184C}
		SccTeamFoundationServer = http://tfs.o9solutions.com:8080/tfso9/o9core
		SccLocalPath0 = .
		SccProjectUniqueName1 = DataGen\\DataGen.csproj
		SccProjectName1 = DataGen
		SccLocalPath1 = DataGen
		SccProjectUniqueName2 = DataGenTest\\DataGenTest.csproj
		SccProjectName2 = DataGenTest
		SccLocalPath2 = DataGenTest
		SccProjectUniqueName3 = DataGenSamp\\DataGenSamp.csproj
		SccProjectName3 = DataGenSamp
		SccLocalPath3 = DataGenSamp
	EndGlobalSection
EndGlobal
